
Microsoft Visual Studio Solution File, Format Version 12.00
# Visual Studio Version 17
VisualStudioVersion = 17.14.36109.1
MinimumVisualStudioVersion = 10.0.40219.1
Project("{2150E333-8FDC-42A3-9474-1A3956D46DE8}") = "src", "src", "{02EA681E-C7D8-13C7-8484-4AC65E1B71E8}"
EndProject
Project("{2150E333-8FDC-42A3-9474-1A3956D46DE8}") = "tests", "tests", "{F640F97F-0C37-481E-BA12-2E91908EFE2A}"
EndProject
Project("{FAE04EC0-301F-11D3-BF4B-00C04F79EFBC}") = "VerticalSliceArchitecture.WebAPI", "VerticalSliceArchitecture.WebAPI\VerticalSliceArchitecture.WebAPI.csproj", "{B2B6B51D-B3BC-E454-9AB0-65F0F7D3C78E}"
EndProject
Global
	GlobalSection(SolutionConfigurationPlatforms) = preSolution
		Debug|Any CPU = Debug|Any CPU
		Release|Any CPU = Release|Any CPU
	EndGlobalSection
	GlobalSection(ProjectConfigurationPlatforms) = postSolution
		{B2B6B51D-B3BC-E454-9AB0-65F0F7D3C78E}.Debug|Any CPU.ActiveCfg = Debug|Any CPU
		{B2B6B51D-B3BC-E454-9AB0-65F0F7D3C78E}.Debug|Any CPU.Build.0 = Debug|Any CPU
		{B2B6B51D-B3BC-E454-9AB0-65F0F7D3C78E}.Release|Any CPU.ActiveCfg = Release|Any CPU
		{B2B6B51D-B3BC-E454-9AB0-65F0F7D3C78E}.Release|Any CPU.Build.0 = Release|Any CPU
	EndGlobalSection
	GlobalSection(SolutionProperties) = preSolution
		HideSolutionNode = FALSE
	EndGlobalSection
	GlobalSection(NestedProjects) = preSolution
		{B2B6B51D-B3BC-E454-9AB0-65F0F7D3C78E} = {02EA681E-C7D8-13C7-8484-4AC65E1B71E8}
	EndGlobalSection
	GlobalSection(ExtensibilityGlobals) = postSolution
		SolutionGuid = {EE4DE17D-E390-4A3E-8979-76238C710C8B}
	EndGlobalSection
EndGlobal
